
Microsoft Visual Studio Solution File, Format Version 12.00
# Visual Studio 15
VisualStudioVersion = 15.0.27130.2026
MinimumVisualStudioVersion = 10.0.40219.1
Project("{FAE04EC0-301F-11D3-BF4B-00C04F79EFBC}") = "FssAutoConfig", "FssAutoConfig\FssAutoConfig.csproj", "{3D2EAB71-28FE-4DA7-9088-D3085CE3D607}"
EndProject
Global
	GlobalSection(SolutionConfigurationPlatforms) = preSolution
		Debug|Any CPU = Debug|Any CPU
		Release|Any CPU = Release|Any CPU
	EndGlobalSection
	GlobalSection(ProjectConfigurationPlatforms) = postSolution
		{3D2EAB71-28FE-4DA7-9088-D3085CE3D607}.Debug|Any CPU.ActiveCfg = Debug|Any CPU
		{3D2EAB71-28FE-4DA7-9088-D3085CE3D607}.Debug|Any CPU.Build.0 = Debug|Any CPU
		{3D2EAB71-28FE-4DA7-9088-D3085CE3D607}.Release|Any CPU.ActiveCfg = Release|Any CPU
		{3D2EAB71-28FE-4DA7-9088-D3085CE3D607}.Release|Any CPU.Build.0 = Release|Any CPU
	EndGlobalSection
	GlobalSection(SolutionProperties) = preSolution
		HideSolutionNode = FALSE
	EndGlobalSection
	GlobalSection(ExtensibilityGlobals) = postSolution
		SolutionGuid = {E2E45A8A-FD15-412D-8737-B586C0E31CF3}
	EndGlobalSection
EndGlobal
